{
  "name": "swears",
  "version": "1.0.0",
  "lockfileVersion": 1,
  "requires": true,
  "dependencies": {
    "array-to-txt-file": {
      "version": "1.0.2",
      "resolved": "https://registry.npmjs.org/array-to-txt-file/-/array-to-txt-file-1.0.2.tgz",
      "integrity": "sha1-siZkS5V15fDLnae6Li7SMm+FhS8=",
      "requires": {
        "lodash": "^4.17.2"
      }
    },
    "lodash": {
      "version": "4.17.19",
      "resolved": "https://registry.npmjs.org/lodash/-/lodash-4.17.19.tgz",
      "integrity": "sha512-JNvd8XER9GQX0v2qJgsaN/mzFCNA5BRe/j8JN9d+tWyGLSodKQHKFicdwNYzWwI3wjRnaKPsGj1XkBjx/F96DQ=="
    }
  }
}
